
Microsoft Visual Studio Solution File, Format Version 12.00
# Visual Studio Version 16
VisualStudioVersion = 16.0.28803.452
MinimumVisualStudioVersion = 10.0.40219.1
Project("{FAE04EC0-301F-11D3-BF4B-00C04F79EFBC}") = "EFCoreDemo", "EFCoreDemo\EFCoreDemo.csproj", "{120D76B0-5634-4D6A-AEE0-C4F5F003AF6D}"
EndProject
Global
	GlobalSection(SolutionConfigurationPlatforms) = preSolution
		Debug|Any CPU = Debug|Any CPU
		Release|Any CPU = Release|Any CPU
	EndGlobalSection
	GlobalSection(ProjectConfigurationPlatforms) = postSolution
		{120D76B0-5634-4D6A-AEE0-C4F5F003AF6D}.Debug|Any CPU.ActiveCfg = Debug|Any CPU
		{120D76B0-5634-4D6A-AEE0-C4F5F003AF6D}.Debug|Any CPU.Build.0 = Debug|Any CPU
		{120D76B0-5634-4D6A-AEE0-C4F5F003AF6D}.Release|Any CPU.ActiveCfg = Release|Any CPU
		{120D76B0-5634-4D6A-AEE0-C4F5F003AF6D}.Release|Any CPU.Build.0 = Release|Any CPU
	EndGlobalSection
	GlobalSection(SolutionProperties) = preSolution
		HideSolutionNode = FALSE
	EndGlobalSection
	GlobalSection(ExtensibilityGlobals) = postSolution
		SolutionGuid = {0F850EBC-10AE-4A22-92C2-1AA0046C6C83}
	EndGlobalSection
EndGlobal
